// !$*UTF8*$!
{
	archiveVersion = 1;
	classes = {
	};
	objectVersion = 110;
	objects = {

/* Begin PBXBuildFile section */
		239156E3301BB380000BD5B9 /* LoggingKit in Frameworks */ = {isa = PBXBuildFile; productRef = 239156E2301BB380000BD5B9 /* LoggingKit */; };
		239156E6301BB8C2000BD5B9 /* MLXEngineTestKit in Frameworks */ = {isa = PBXBuildFile; productRef = 239156E5301BB8C2000BD5B9 /* MLXEngineTestKit */; };
		239156E8301BB8C2000BD5B9 /* MLXEngineUI in Frameworks */ = {isa = PBXBuildFile; productRef = 239156E7301BB8C2000BD5B9 /* MLXEngineUI */; };
		239156EA301BB8C2000BD5B9 /* MLXHubMetadata in Frameworks */ = {isa = PBXBuildFile; productRef = 239156E9301BB8C2000BD5B9 /* MLXHubMetadata */; };
		239156EC301BB8C2000BD5B9 /* MLXRetrievalKit in Frameworks */ = {isa = PBXBuildFile; productRef = 239156EB301BB8C2000BD5B9 /* MLXRetrievalKit */; };
		239156EE301BB8C2000BD5B9 /* MLXRetrievalKitContracts in Frameworks */ = {isa = PBXBuildFile; productRef = 239156ED301BB8C2000BD5B9 /* MLXRetrievalKitContracts */; };
		239156F0301BB8C2000BD5B9 /* MLXServeConformance in Frameworks */ = {isa = PBXBuildFile; productRef = 239156EF301BB8C2000BD5B9 /* MLXServeConformance */; };
		239156F2301BB8C2000BD5B9 /* MLXServeConformanceNN in Frameworks */ = {isa = PBXBuildFile; productRef = 239156F1301BB8C2000BD5B9 /* MLXServeConformanceNN */; };
		239156F4301BB8C2000BD5B9 /* MLXServeCore in Frameworks */ = {isa = PBXBuildFile; productRef = 239156F3301BB8C2000BD5B9 /* MLXServeCore */; };
		239156F6301BB8C2000BD5B9 /* MLXToolKit in Frameworks */ = {isa = PBXBuildFile; productRef = 239156F5301BB8C2000BD5B9 /* MLXToolKit */; };
		23D50003301BD000000BD5B9 /* DesignScaffold in Frameworks */ = {isa = PBXBuildFile; productRef = 23D50002301BD000000BD5B9 /* DesignScaffold */; };
		23D5A005301BD000000BD5B9 /* DesignScaffoldControls in Frameworks */ = {isa = PBXBuildFile; productRef = 23D5A006301BD000000BD5B9 /* DesignScaffoldControls */; };
		23D5A003301BD000000BD5B9 /* DesignScaffoldStatus in Frameworks */ = {isa = PBXBuildFile; productRef = 23D5A004301BD000000BD5B9 /* DesignScaffoldStatus */; };
		23D5A001301BD000000BD5B9 /* DesignScaffoldMetrics in Frameworks */ = {isa = PBXBuildFile; productRef = 23D5A002301BD000000BD5B9 /* DesignScaffoldMetrics */; };
		23D5E597301BCEBF008882A5 /* MLXAudio8TTS in Frameworks */ = {isa = PBXBuildFile; productRef = 23D5E596301BCEBF008882A5 /* MLXAudio8TTS */; };
		23D5E59A301BCEE5008882A5 /* TTSOrchestratorKit in Frameworks */ = {isa = PBXBuildFile; productRef = 23D5E599301BCEE5008882A5 /* TTSOrchestratorKit */; };
/* End PBXBuildFile section */

/* Begin PBXFileReference section */
		239156B6301BB346000BD5B9 /* Audio8 Demo.app */ = {isa = PBXFileReference; explicitFileType = wrapper.application; includeInIndex = 0; path = "Audio8 Demo.app"; sourceTree = BUILT_PRODUCTS_DIR; };
/* End PBXFileReference section */

/* Begin PBXFileSystemSynchronizedRootGroup section */
		239156B8301BB346000BD5B9 /* Audio8 Demo */ = {
			isa = PBXFileSystemSynchronizedRootGroup;
			path = "Audio8 Demo";
			sourceTree = "<group>";
		};
/* End PBXFileSystemSynchronizedRootGroup section */

/* Begin PBXFrameworksBuildPhase section */
		239156B3301BB346000BD5B9 /* Frameworks */ = {
			isa = PBXFrameworksBuildPhase;
			files = (
				239156E3301BB380000BD5B9 /* LoggingKit in Frameworks */,
				23D50003301BD000000BD5B9 /* DesignScaffold in Frameworks */,
				23D5A005301BD000000BD5B9 /* DesignScaffoldControls in Frameworks */,
				23D5A003301BD000000BD5B9 /* DesignScaffoldStatus in Frameworks */,
				23D5A001301BD000000BD5B9 /* DesignScaffoldMetrics in Frameworks */,
				239156E8301BB8C2000BD5B9 /* MLXEngineUI in Frameworks */,
				239156F2301BB8C2000BD5B9 /* MLXServeConformanceNN in Frameworks */,
				239156EE301BB8C2000BD5B9 /* MLXRetrievalKitContracts in Frameworks */,
				23D5E597301BCEBF008882A5 /* MLXAudio8TTS in Frameworks */,
				23D5E59A301BCEE5008882A5 /* TTSOrchestratorKit in Frameworks */,
				239156E6301BB8C2000BD5B9 /* MLXEngineTestKit in Frameworks */,
				239156EC301BB8C2000BD5B9 /* MLXRetrievalKit in Frameworks */,
				239156F4301BB8C2000BD5B9 /* MLXServeCore in Frameworks */,
				239156F0301BB8C2000BD5B9 /* MLXServeConformance in Frameworks */,
				239156EA301BB8C2000BD5B9 /* MLXHubMetadata in Frameworks */,
				239156F6301BB8C2000BD5B9 /* MLXToolKit in Frameworks */,
			);
		};
/* End PBXFrameworksBuildPhase section */

/* Begin PBXGroup section */
		239156AD301BB346000BD5B9 = {
			isa = PBXGroup;
			children = (
				239156B8301BB346000BD5B9 /* Audio8 Demo */,
				239156B7301BB346000BD5B9 /* Products */,
			);
			sourceTree = "<group>";
		};
		239156B7301BB346000BD5B9 /* Products */ = {
			isa = PBXGroup;
			children = (
				239156B6301BB346000BD5B9 /* Audio8 Demo.app */,
			);
			name = Products;
			sourceTree = "<group>";
		};
/* End PBXGroup section */

/* Begin PBXNativeTarget section */
		239156B5301BB346000BD5B9 /* Audio8 Demo */ = {
			isa = PBXNativeTarget;
			buildConfigurationList = 239156C4301BB346000BD5B9 /* Build configuration list for PBXNativeTarget "Audio8 Demo" */;
			buildPhases = (
				239156B2301BB346000BD5B9 /* Sources */,
				239156B3301BB346000BD5B9 /* Frameworks */,
				239156B4301BB346000BD5B9 /* Resources */,
			);
			buildRules = (
			);
			fileSystemSynchronizedGroups = (
				239156B8301BB346000BD5B9 /* Audio8 Demo */,
			);
			name = "Audio8 Demo";
			packageProductDependencies = (
				239156E2301BB380000BD5B9 /* LoggingKit */,
				23D50002301BD000000BD5B9 /* DesignScaffold */,
				23D5A006301BD000000BD5B9 /* DesignScaffoldControls */,
				23D5A004301BD000000BD5B9 /* DesignScaffoldStatus */,
				23D5A002301BD000000BD5B9 /* DesignScaffoldMetrics */,
				239156E5301BB8C2000BD5B9 /* MLXEngineTestKit */,
				239156E7301BB8C2000BD5B9 /* MLXEngineUI */,
				239156E9301BB8C2000BD5B9 /* MLXHubMetadata */,
				239156EB301BB8C2000BD5B9 /* MLXRetrievalKit */,
				239156ED301BB8C2000BD5B9 /* MLXRetrievalKitContracts */,
				239156EF301BB8C2000BD5B9 /* MLXServeConformance */,
				239156F1301BB8C2000BD5B9 /* MLXServeConformanceNN */,
				239156F3301BB8C2000BD5B9 /* MLXServeCore */,
				239156F5301BB8C2000BD5B9 /* MLXToolKit */,
				23D5E596301BCEBF008882A5 /* MLXAudio8TTS */,
				23D5E599301BCEE5008882A5 /* TTSOrchestratorKit */,
			);
			productName = "Audio8 Demo";
			productReference = 239156B6301BB346000BD5B9 /* Audio8 Demo.app */;
			productType = "com.apple.product-type.application";
		};
/* End PBXNativeTarget section */

/* Begin PBXProject section */
		239156AE301BB346000BD5B9 /* Project object */ = {
			isa = PBXProject;
			attributes = {
				BuildIndependentTargetsInParallel = 1;
				LastSwiftUpdateCheck = 2700;
				LastUpgradeCheck = 2700;
				TargetAttributes = {
					239156B5301BB346000BD5B9 = {
						CreatedOnToolsVersion = 27.0;
					};
				};
			};
			buildConfigurationList = 239156B1301BB346000BD5B9 /* Build configuration list for PBXProject "Audio8 Demo" */;
			developmentRegion = en;
			hasScannedForEncodings = 0;
			knownRegions = (
				en,
				Base,
			);
			mainGroup = 239156AD301BB346000BD5B9;
			minimizedProjectReferenceProxies = 1;
			packageReferences = (
				239156E1301BB380000BD5B9 /* XCRemoteSwiftPackageReference "LoggingKit" */,
				23D50001301BD000000BD5B9 /* XCRemoteSwiftPackageReference "DesignScaffold" */,
				239156E4301BB8C2000BD5B9 /* XCRemoteSwiftPackageReference "mlx-engine-swift" */,
				23D5E595301BCEBF008882A5 /* XCRemoteSwiftPackageReference "mlx-audio8-tts-swift" */,
				23D5E598301BCEE5008882A5 /* XCRemoteSwiftPackageReference "tts-orchestrator-kit" */,
			);
			preferredProjectObjectVersion = 77;
			productRefGroup = 239156B7301BB346000BD5B9 /* Products */;
			projectDirPath = "";
			projectRoot = "";
			targets = (
				239156B5301BB346000BD5B9 /* Audio8 Demo */,
			);
		};
/* End PBXProject section */

/* Begin PBXResourcesBuildPhase section */
		239156B4301BB346000BD5B9 /* Resources */ = {
			isa = PBXResourcesBuildPhase;
			files = (
			);
		};
/* End PBXResourcesBuildPhase section */

/* Begin PBXSourcesBuildPhase section */
		239156B2301BB346000BD5B9 /* Sources */ = {
			isa = PBXSourcesBuildPhase;
			files = (
			);
		};
/* End PBXSourcesBuildPhase section */

/* Begin XCBuildConfiguration section */
		239156C2301BB346000BD5B9 /* Debug configuration for PBXProject "Audio8 Demo" */ = {
			isa = XCBuildConfiguration;
			buildSettings = {
				ALWAYS_SEARCH_USER_PATHS = NO;
				ASSETCATALOG_COMPILER_GENERATE_SWIFT_ASSET_SYMBOL_EXTENSIONS = YES;
				CLANG_ANALYZER_NONNULL = YES;
				CLANG_ANALYZER_NUMBER_OBJECT_CONVERSION = YES_AGGRESSIVE;
				CLANG_CXX_LANGUAGE_STANDARD = "gnu++20";
				CLANG_ENABLE_MODULES = YES;
				CLANG_ENABLE_OBJC_ARC = YES;
				CLANG_ENABLE_OBJC_WEAK = YES;
				CLANG_WARN_BLOCK_CAPTURE_AUTORELEASING = YES;
				CLANG_WARN_BOOL_CONVERSION = YES;
				CLANG_WARN_COMMA = YES;
				CLANG_WARN_CONSTANT_CONVERSION = YES;
				CLANG_WARN_DEPRECATED_OBJC_IMPLEMENTATIONS = YES;
				CLANG_WARN_DIRECT_OBJC_ISA_USAGE = YES_ERROR;
				CLANG_WARN_DOCUMENTATION_COMMENTS = YES;
				CLANG_WARN_EMPTY_BODY = YES;
				CLANG_WARN_ENUM_CONVERSION = YES;
				CLANG_WARN_INFINITE_RECURSION = YES;
				CLANG_WARN_INT_CONVERSION = YES;
				CLANG_WARN_NON_LITERAL_NULL_CONVERSION = YES;
				CLANG_WARN_OBJC_IMPLICIT_RETAIN_SELF = YES;
				CLANG_WARN_OBJC_LITERAL_CONVERSION = YES;
				CLANG_WARN_OBJC_ROOT_CLASS = YES_ERROR;
				CLANG_WARN_QUOTED_INCLUDE_IN_FRAMEWORK_HEADER = YES;
				CLANG_WARN_RANGE_LOOP_ANALYSIS = YES;
				CLANG_WARN_STRICT_PROTOTYPES = YES;
				CLANG_WARN_SUSPICIOUS_MOVE = YES;
				CLANG_WARN_UNGUARDED_AVAILABILITY = YES_AGGRESSIVE;
				CLANG_WARN_UNREACHABLE_CODE = YES;
				CLANG_WARN__DUPLICATE_METHOD_MATCH = YES;
				COPY_PHASE_STRIP = NO;
				DEBUG_INFORMATION_FORMAT = dwarf;
				DEVELOPMENT_TEAM = "";
				ENABLE_STRICT_OBJC_MSGSEND = YES;
				ENABLE_TESTABILITY = YES;
				ENABLE_USER_SCRIPT_SANDBOXING = YES;
				GCC_C_LANGUAGE_STANDARD = gnu17;
				GCC_DYNAMIC_NO_PIC = NO;
				GCC_NO_COMMON_BLOCKS = YES;
				GCC_OPTIMIZATION_LEVEL = 0;
				GCC_PREPROCESSOR_DEFINITIONS = (
					"DEBUG=1",
					"$(inherited)",
				);
				GCC_WARN_64_TO_32_BIT_CONVERSION = YES;
				GCC_WARN_ABOUT_RETURN_TYPE = YES_ERROR;
				GCC_WARN_UNDECLARED_SELECTOR = YES;
				GCC_WARN_UNINITIALIZED_AUTOS = YES_AGGRESSIVE;
				GCC_WARN_UNUSED_FUNCTION = YES;
				GCC_WARN_UNUSED_VARIABLE = YES;
				LOCALIZATION_PREFERS_STRING_CATALOGS = YES;
				MACOSX_DEPLOYMENT_TARGET = 27.0;
				MTL_ENABLE_DEBUG_INFO = INCLUDE_SOURCE;
				MTL_FAST_MATH = YES;
				ONLY_ACTIVE_ARCH = YES;
				SDKROOT = macosx;
				SWIFT_ACTIVE_COMPILATION_CONDITIONS = "DEBUG $(inherited)";
				SWIFT_OPTIMIZATION_LEVEL = "-Onone";
			};
			name = Debug;
		};
		239156C3301BB346000BD5B9 /* Release configuration for PBXProject "Audio8 Demo" */ = {
			isa = XCBuildConfiguration;
			buildSettings = {
				ALWAYS_SEARCH_USER_PATHS = NO;
				ASSETCATALOG_COMPILER_GENERATE_SWIFT_ASSET_SYMBOL_EXTENSIONS = YES;
				CLANG_ANALYZER_NONNULL = YES;
				CLANG_ANALYZER_NUMBER_OBJECT_CONVERSION = YES_AGGRESSIVE;
				CLANG_CXX_LANGUAGE_STANDARD = "gnu++20";
				CLANG_ENABLE_MODULES = YES;
				CLANG_ENABLE_OBJC_ARC = YES;
				CLANG_ENABLE_OBJC_WEAK = YES;
				CLANG_WARN_BLOCK_CAPTURE_AUTORELEASING = YES;
				CLANG_WARN_BOOL_CONVERSION = YES;
				CLANG_WARN_COMMA = YES;
				CLANG_WARN_CONSTANT_CONVERSION = YES;
				CLANG_WARN_DEPRECATED_OBJC_IMPLEMENTATIONS = YES;
				CLANG_WARN_DIRECT_OBJC_ISA_USAGE = YES_ERROR;
				CLANG_WARN_DOCUMENTATION_COMMENTS = YES;
				CLANG_WARN_EMPTY_BODY = YES;
				CLANG_WARN_ENUM_CONVERSION = YES;
				CLANG_WARN_INFINITE_RECURSION = YES;
				CLANG_WARN_INT_CONVERSION = YES;
				CLANG_WARN_NON_LITERAL_NULL_CONVERSION = YES;
				CLANG_WARN_OBJC_IMPLICIT_RETAIN_SELF = YES;
				CLANG_WARN_OBJC_LITERAL_CONVERSION = YES;
				CLANG_WARN_OBJC_ROOT_CLASS = YES_ERROR;
				CLANG_WARN_QUOTED_INCLUDE_IN_FRAMEWORK_HEADER = YES;
				CLANG_WARN_RANGE_LOOP_ANALYSIS = YES;
				CLANG_WARN_STRICT_PROTOTYPES = YES;
				CLANG_WARN_SUSPICIOUS_MOVE = YES;
				CLANG_WARN_UNGUARDED_AVAILABILITY = YES_AGGRESSIVE;
				CLANG_WARN_UNREACHABLE_CODE = YES;
				CLANG_WARN__DUPLICATE_METHOD_MATCH = YES;
				COPY_PHASE_STRIP = NO;
				DEBUG_INFORMATION_FORMAT = "dwarf-with-dsym";
				DEVELOPMENT_TEAM = "";
				ENABLE_NS_ASSERTIONS = NO;
				ENABLE_STRICT_OBJC_MSGSEND = YES;
				ENABLE_USER_SCRIPT_SANDBOXING = YES;
				GCC_C_LANGUAGE_STANDARD = gnu17;
				GCC_NO_COMMON_BLOCKS = YES;
				GCC_WARN_64_TO_32_BIT_CONVERSION = YES;
				GCC_WARN_ABOUT_RETURN_TYPE = YES_ERROR;
				GCC_WARN_UNDECLARED_SELECTOR = YES;
				GCC_WARN_UNINITIALIZED_AUTOS = YES_AGGRESSIVE;
				GCC_WARN_UNUSED_FUNCTION = YES;
				GCC_WARN_UNUSED_VARIABLE = YES;
				LOCALIZATION_PREFERS_STRING_CATALOGS = YES;
				MACOSX_DEPLOYMENT_TARGET = 27.0;
				MTL_ENABLE_DEBUG_INFO = NO;
				MTL_FAST_MATH = YES;
				SDKROOT = macosx;
				SWIFT_COMPILATION_MODE = wholemodule;
			};
			name = Release;
		};
		239156C5301BB346000BD5B9 /* Debug configuration for PBXNativeTarget "Audio8 Demo" */ = {
			isa = XCBuildConfiguration;
			buildSettings = {
				ASSETCATALOG_COMPILER_APPICON_NAME = AppIcon;
				ASSETCATALOG_COMPILER_GLOBAL_ACCENT_COLOR_NAME = AccentColor;
				CODE_SIGN_ENTITLEMENTS = "Audio8 Demo/Audio8 Demo.entitlements";
				CODE_SIGN_STYLE = Automatic;
				COMBINE_HIDPI_IMAGES = YES;
				CURRENT_PROJECT_VERSION = 1;
				DEVELOPMENT_TEAM = "";
				ENABLE_APP_SANDBOX = YES;
				ENABLE_HARDENED_RUNTIME = YES;
				ENABLE_USER_SELECTED_FILES = readonly;
				GENERATE_INFOPLIST_FILE = YES;
				INFOPLIST_KEY_NSHumanReadableCopyright = "";
				INFOPLIST_KEY_NSMainStoryboardFile = Main;
				INFOPLIST_KEY_NSPrincipalClass = NSApplication;
				INFOPLIST_KEY_NSViewGestureRecognizerIsExclusive = NO;
				LD_RUNPATH_SEARCH_PATHS = (
					"$(inherited)",
					"@executable_path/../Frameworks",
				);
				MARKETING_VERSION = 1.0;
				PRODUCT_BUNDLE_IDENTIFIER = "com.xocialize.Audio8-Demo";
				PRODUCT_NAME = "$(TARGET_NAME)";
				REGISTER_APP_GROUPS = YES;
				STRING_CATALOG_GENERATE_SYMBOLS = YES;
				SWIFT_APPROACHABLE_CONCURRENCY = YES;
				SWIFT_DEFAULT_ACTOR_ISOLATION = MainActor;
				SWIFT_EMIT_LOC_STRINGS = YES;
				SWIFT_UPCOMING_FEATURE_MEMBER_IMPORT_VISIBILITY = YES;
				SWIFT_VERSION = 5.0;
			};
			name = Debug;
		};
		239156C6301BB346000BD5B9 /* Release configuration for PBXNativeTarget "Audio8 Demo" */ = {
			isa = XCBuildConfiguration;
			buildSettings = {
				ASSETCATALOG_COMPILER_APPICON_NAME = AppIcon;
				ASSETCATALOG_COMPILER_GLOBAL_ACCENT_COLOR_NAME = AccentColor;
				CODE_SIGN_ENTITLEMENTS = "Audio8 Demo/Audio8 Demo.entitlements";
				CODE_SIGN_STYLE = Automatic;
				COMBINE_HIDPI_IMAGES = YES;
				CURRENT_PROJECT_VERSION = 1;
				DEVELOPMENT_TEAM = "";
				ENABLE_APP_SANDBOX = YES;
				ENABLE_HARDENED_RUNTIME = YES;
				ENABLE_USER_SELECTED_FILES = readonly;
				GENERATE_INFOPLIST_FILE = YES;
				INFOPLIST_KEY_NSHumanReadableCopyright = "";
				INFOPLIST_KEY_NSMainStoryboardFile = Main;
				INFOPLIST_KEY_NSPrincipalClass = NSApplication;
				INFOPLIST_KEY_NSViewGestureRecognizerIsExclusive = NO;
				LD_RUNPATH_SEARCH_PATHS = (
					"$(inherited)",
					"@executable_path/../Frameworks",
				);
				MARKETING_VERSION = 1.0;
				PRODUCT_BUNDLE_IDENTIFIER = "com.xocialize.Audio8-Demo";
				PRODUCT_NAME = "$(TARGET_NAME)";
				REGISTER_APP_GROUPS = YES;
				STRING_CATALOG_GENERATE_SYMBOLS = YES;
				SWIFT_APPROACHABLE_CONCURRENCY = YES;
				SWIFT_DEFAULT_ACTOR_ISOLATION = MainActor;
				SWIFT_EMIT_LOC_STRINGS = YES;
				SWIFT_UPCOMING_FEATURE_MEMBER_IMPORT_VISIBILITY = YES;
				SWIFT_VERSION = 5.0;
			};
			name = Release;
		};
/* End XCBuildConfiguration section */

/* Begin XCConfigurationList section */
		239156B1301BB346000BD5B9 /* Build configuration list for PBXProject "Audio8 Demo" */ = {
			isa = XCConfigurationList;
			buildConfigurations = (
				239156C2301BB346000BD5B9 /* Debug configuration for PBXProject "Audio8 Demo" */,
				239156C3301BB346000BD5B9 /* Release configuration for PBXProject "Audio8 Demo" */,
			);
			defaultConfigurationName = Release;
		};
		239156C4301BB346000BD5B9 /* Build configuration list for PBXNativeTarget "Audio8 Demo" */ = {
			isa = XCConfigurationList;
			buildConfigurations = (
				239156C5301BB346000BD5B9 /* Debug configuration for PBXNativeTarget "Audio8 Demo" */,
				239156C6301BB346000BD5B9 /* Release configuration for PBXNativeTarget "Audio8 Demo" */,
			);
			defaultConfigurationName = Release;
		};
/* End XCConfigurationList section */

/* Begin XCRemoteSwiftPackageReference section */
		239156E1301BB380000BD5B9 /* XCRemoteSwiftPackageReference "LoggingKit" */ = {
			isa = XCRemoteSwiftPackageReference;
			repositoryURL = "https://github.com/xocialize/LoggingKit";
			requirement = {
				kind = upToNextMajorVersion;
				minimumVersion = 1.0.1;
			};
		};
		239156E4301BB8C2000BD5B9 /* XCRemoteSwiftPackageReference "mlx-engine-swift" */ = {
			isa = XCRemoteSwiftPackageReference;
			repositoryURL = "https://github.com/xocialize/mlx-engine-swift";
			requirement = {
				kind = upToNextMajorVersion;
				minimumVersion = 0.40.1;
			};
		};
		23D50001301BD000000BD5B9 /* XCRemoteSwiftPackageReference "DesignScaffold" */ = {
			isa = XCRemoteSwiftPackageReference;
			repositoryURL = "https://github.com/xocialize/DesignScaffold.git";
			requirement = {
				kind = upToNextMajorVersion;
				minimumVersion = 0.15.0;
			};
		};
		23D5E595301BCEBF008882A5 /* XCRemoteSwiftPackageReference "mlx-audio8-tts-swift" */ = {
			isa = XCRemoteSwiftPackageReference;
			repositoryURL = "https://github.com/xocialize/mlx-audio8-tts-swift";
			requirement = {
				branch = "audio8-0.1b-falcon-h1";
				kind = branch;
			};
		};
		23D5E598301BCEE5008882A5 /* XCRemoteSwiftPackageReference "tts-orchestrator-kit" */ = {
			isa = XCRemoteSwiftPackageReference;
			repositoryURL = "https://github.com/xocialize/tts-orchestrator-kit";
			requirement = {
				kind = upToNextMajorVersion;
				minimumVersion = 0.2.0;
			};
		};
/* End XCRemoteSwiftPackageReference section */

/* Begin XCSwiftPackageProductDependency section */
		239156E2301BB380000BD5B9 /* LoggingKit */ = {
			isa = XCSwiftPackageProductDependency;
			package = 239156E1301BB380000BD5B9 /* XCRemoteSwiftPackageReference "LoggingKit" */;
			productName = LoggingKit;
		};
		239156E5301BB8C2000BD5B9 /* MLXEngineTestKit */ = {
			isa = XCSwiftPackageProductDependency;
			package = 239156E4301BB8C2000BD5B9 /* XCRemoteSwiftPackageReference "mlx-engine-swift" */;
			productName = MLXEngineTestKit;
		};
		239156E7301BB8C2000BD5B9 /* MLXEngineUI */ = {
			isa = XCSwiftPackageProductDependency;
			package = 239156E4301BB8C2000BD5B9 /* XCRemoteSwiftPackageReference "mlx-engine-swift" */;
			productName = MLXEngineUI;
		};
		239156E9301BB8C2000BD5B9 /* MLXHubMetadata */ = {
			isa = XCSwiftPackageProductDependency;
			package = 239156E4301BB8C2000BD5B9 /* XCRemoteSwiftPackageReference "mlx-engine-swift" */;
			productName = MLXHubMetadata;
		};
		239156EB301BB8C2000BD5B9 /* MLXRetrievalKit */ = {
			isa = XCSwiftPackageProductDependency;
			package = 239156E4301BB8C2000BD5B9 /* XCRemoteSwiftPackageReference "mlx-engine-swift" */;
			productName = MLXRetrievalKit;
		};
		239156ED301BB8C2000BD5B9 /* MLXRetrievalKitContracts */ = {
			isa = XCSwiftPackageProductDependency;
			package = 239156E4301BB8C2000BD5B9 /* XCRemoteSwiftPackageReference "mlx-engine-swift" */;
			productName = MLXRetrievalKitContracts;
		};
		239156EF301BB8C2000BD5B9 /* MLXServeConformance */ = {
			isa = XCSwiftPackageProductDependency;
			package = 239156E4301BB8C2000BD5B9 /* XCRemoteSwiftPackageReference "mlx-engine-swift" */;
			productName = MLXServeConformance;
		};
		239156F1301BB8C2000BD5B9 /* MLXServeConformanceNN */ = {
			isa = XCSwiftPackageProductDependency;
			package = 239156E4301BB8C2000BD5B9 /* XCRemoteSwiftPackageReference "mlx-engine-swift" */;
			productName = MLXServeConformanceNN;
		};
		239156F3301BB8C2000BD5B9 /* MLXServeCore */ = {
			isa = XCSwiftPackageProductDependency;
			package = 239156E4301BB8C2000BD5B9 /* XCRemoteSwiftPackageReference "mlx-engine-swift" */;
			productName = MLXServeCore;
		};
		239156F5301BB8C2000BD5B9 /* MLXToolKit */ = {
			isa = XCSwiftPackageProductDependency;
			package = 239156E4301BB8C2000BD5B9 /* XCRemoteSwiftPackageReference "mlx-engine-swift" */;
			productName = MLXToolKit;
		};
		23D50002301BD000000BD5B9 /* DesignScaffold */ = {
			isa = XCSwiftPackageProductDependency;
			package = 23D50001301BD000000BD5B9 /* XCRemoteSwiftPackageReference "DesignScaffold" */;
			productName = DesignScaffold;
		};
		23D5A004301BD000000BD5B9 /* DesignScaffoldStatus */ = {
			isa = XCSwiftPackageProductDependency;
			package = 23D50001301BD000000BD5B9 /* XCRemoteSwiftPackageReference "DesignScaffold" */;
			productName = DesignScaffoldStatus;
		};
		23D5A002301BD000000BD5B9 /* DesignScaffoldMetrics */ = {
			isa = XCSwiftPackageProductDependency;
			package = 23D50001301BD000000BD5B9 /* XCRemoteSwiftPackageReference "DesignScaffold" */;
			productName = DesignScaffoldMetrics;
		};
		23D5A006301BD000000BD5B9 /* DesignScaffoldControls */ = {
			isa = XCSwiftPackageProductDependency;
			package = 23D50001301BD000000BD5B9 /* XCRemoteSwiftPackageReference "DesignScaffold" */;
			productName = DesignScaffoldControls;
		};
		23D5E596301BCEBF008882A5 /* MLXAudio8TTS */ = {
			isa = XCSwiftPackageProductDependency;
			package = 23D5E595301BCEBF008882A5 /* XCRemoteSwiftPackageReference "mlx-audio8-tts-swift" */;
			productName = MLXAudio8TTS;
		};
		23D5E599301BCEE5008882A5 /* TTSOrchestratorKit */ = {
			isa = XCSwiftPackageProductDependency;
			package = 23D5E598301BCEE5008882A5 /* XCRemoteSwiftPackageReference "tts-orchestrator-kit" */;
			productName = TTSOrchestratorKit;
		};
/* End XCSwiftPackageProductDependency section */
	};
	rootObject = 239156AE301BB346000BD5B9 /* Project object */;
	validationLevel = 1;
}
